// !$*UTF8*$!
{
	archiveVersion = 1;
	classes = {
	};
	objectVersion = 46;
	objects = {

/* Begin PBXBuildFile section */
		8386D6AF1D5610EC00C7B98F /* AppDelegate.swift in Sources */ = {isa = PBXBuildFile; fileRef = 8386D6AE1D5610EC00C7B98F /* AppDelegate.swift */; };
		8386D6B11D5610EC00C7B98F /* ViewController.swift in Sources */ = {isa = PBXBuildFile; fileRef = 8386D6B01D5610EC00C7B98F /* ViewController.swift */; };
		8386D6B41D5610EC00C7B98F /* Main.storyboard in Resources */ = {isa = PBXBuildFile; fileRef = 8386D6B21D5610EC00C7B98F /* Main.storyboard */; };
		8386D6B61D5610EC00C7B98F /* Assets.xcassets in Resources */ = {isa = PBXBuildFile; fileRef = 8386D6B51D5610EC00C7B98F /* Assets.xcassets */; };
		8386D6B91D5610ED00C7B98F /* LaunchScreen.storyboard in Resources */ = {isa = PBXBuildFile; fileRef = 8386D6B71D5610ED00C7B98F /* LaunchScreen.storyboard */; };
/* End PBXBuildFile section */

/* Begin PBXFileReference section */
		8386D6AB1D5610EC00C7B98F /* SQLite.app */ = {isa = PBXFileReference; explicitFileType = wrapper.application; includeInIndex = 0; path = SQLite.app; sourceTree = BUILT_PRODUCTS_DIR; };
		8386D6AE1D5610EC00C7B98F /* AppDelegate.swift */ = {isa = PBXFileReference; lastKnownFileType = sourcecode.swift; path = AppDelegate.swift; sourceTree = "<group>"; };
		8386D6B01D5610EC00C7B98F /* ViewController.swift */ = {isa = PBXFileReference; lastKnownFileType = sourcecode.swift; path = ViewController.swift; sourceTree = "<group>"; };
		8386D6B31D5610EC00C7B98F /* Base */ = {isa = PBXFileReference; lastKnownFileType = file.storyboard; name = Base; path = Base.lproj/Main.storyboard; sourceTree = "<group>"; };
		8386D6B51D5610EC00C7B98F /* Assets.xcassets */ = {isa = PBXFileReference; lastKnownFileType = folder.assetcatalog; path = Assets.xcassets; sourceTree = "<group>"; };
		8386D6B81D5610ED00C7B98F /* Base */ = {isa = PBXFileReference; lastKnownFileType = file.storyboard; name = Base; path = Base.lproj/LaunchScreen.storyboard; sourceTree = "<group>"; };
		8386D6BA1D5610ED00C7B98F /* Info.plist */ = {isa = PBXFileReference; lastKnownFileType = text.plist.xml; path = Info.plist; sourceTree = "<group>"; };
		8386D6C01D56141E00C7B98F /* Bridge.h */ = {isa = PBXFileReference; lastKnownFileType = sourcecode.c.h; path = Bridge.h; sourceTree = "<group>"; };
/* End PBXFileReference section */

/* Begin PBXFrameworksBuildPhase section */
		8386D6A81D5610EC00C7B98F /* Frameworks */ = {
			isa = PBXFrameworksBuildPhase;
			buildActionMask = 2147483647;
			files = (
			);
			runOnlyForDeploymentPostprocessing = 0;
		};
/* End PBXFrameworksBuildPhase section */

/* Begin PBXGroup section */
		8386D6A21D5610EC00C7B98F = {
			isa = PBXGroup;
			children = (
				8386D6AD1D5610EC00C7B98F /* SQLite */,
				8386D6AC1D5610EC00C7B98F /* Products */,
			);
			sourceTree = "<group>";
		};
		8386D6AC1D5610EC00C7B98F /* Products */ = {
			isa = PBXGroup;
			children = (
				8386D6AB1D5610EC00C7B98F /* SQLite.app */,
			);
			name = Products;
			sourceTree = "<group>";
		};
		8386D6AD1D5610EC00C7B98F /* SQLite */ = {
			isa = PBXGroup;
			children = (
				8386D6AE1D5610EC00C7B98F /* AppDelegate.swift */,
				8386D6B01D5610EC00C7B98F /* ViewController.swift */,
				8386D6B21D5610EC00C7B98F /* Main.storyboard */,
				8386D6B51D5610EC00C7B98F /* Assets.xcassets */,
				8386D6B71D5610ED00C7B98F /* LaunchScreen.storyboard */,
				8386D6BA1D5610ED00C7B98F /* Info.plist */,
				8386D6C01D56141E00C7B98F /* Bridge.h */,
			);
			path = SQLite;
			sourceTree = "<group>";
		};
/* End PBXGroup section */

/* Begin PBXNativeTarget section */
		8386D6AA1D5610EC00C7B98F /* SQLite */ = {
			isa = PBXNativeTarget;
			buildConfigurationList = 8386D6BD1D5610ED00C7B98F /* Build configuration list for PBXNativeTarget "SQLite" */;
			buildPhases = (
				8386D6A71D5610EC00C7B98F /* Sources */,
				8386D6A81D5610EC00C7B98F /* Frameworks */,
				8386D6A91D5610EC00C7B98F /* Resources */,
			);
			buildRules = (
			);
			dependencies = (
			);
			name = SQLite;
			productName = SQLite;
			productReference = 8386D6AB1D5610EC00C7B98F /* SQLite.app */;
			productType = "com.apple.product-type.application";
		};
/* End PBXNativeTarget section */

/* Begin PBXProject section */
		8386D6A31D5610EC00C7B98F /* Project object */ = {
			isa = PBXProject;
			attributes = {
				LastSwiftUpdateCheck = 0730;
				LastUpgradeCheck = 0730;
				ORGANIZATIONNAME = CDHao;
				TargetAttributes = {
					8386D6AA1D5610EC00C7B98F = {
						CreatedOnToolsVersion = 7.3.1;
					};
				};
			};
			buildConfigurationList = 8386D6A61D5610EC00C7B98F /* Build configuration list for PBXProject "SQLite" */;
			compatibilityVersion = "Xcode 3.2";
			developmentRegion = English;
			hasScannedForEncodings = 0;
			knownRegions = (
				en,
				Base,
			);
			mainGroup = 8386D6A21D5610EC00C7B98F;
			productRefGroup = 8386D6AC1D5610EC00C7B98F /* Products */;
			projectDirPath = "";
			projectRoot = "";
			targets = (
				8386D6AA1D5610EC00C7B98F /* SQLite */,
			);
		};
/* End PBXProject section */

/* Begin PBXResourcesBuildPhase section */
		8386D6A91D5610EC00C7B98F /* Resources */ = {
			isa = PBXResourcesBuildPhase;
			buildActionMask = 2147483647;
			files = (
				8386D6B91D5610ED00C7B98F /* LaunchScreen.storyboard in Resources */,
				8386D6B61D5610EC00C7B98F /* Assets.xcassets in Resources */,
				8386D6B41D5610EC00C7B98F /* Main.storyboard in Resources */,
			);
			runOnlyForDeploymentPostprocessing = 0;
		};
/* End PBXResourcesBuildPhase section */

/* Begin PBXSourcesBuildPhase section */
		8386D6A71D5610EC00C7B98F /* Sources */ = {
			isa = PBXSourcesBuildPhase;
			buildActionMask = 2147483647;
			files = (
				8386D6B11D5610EC00C7B98F /* ViewController.swift in Sources */,
				8386D6AF1D5610EC00C7B98F /* AppDelegate.swift in Sources */,
			);
			runOnlyForDeploymentPostprocessing = 0;
		};
/* End PBXSourcesBuildPhase section */

/* Begin PBXVariantGroup section */
		8386D6B21D5610EC00C7B98F /* Main.storyboard */ = {
			isa = PBXVariantGroup;
			children = (
				8386D6B31D5610EC00C7B98F /* Base */,
			);
			name = Main.storyboard;
			sourceTree = "<group>";
		};
		8386D6B71D5610ED00C7B98F /* LaunchScreen.storyboard */ = {
			isa = PBXVariantGroup;
			children = (
				8386D6B81D5610ED00C7B98F /* Base */,
			);
			name = LaunchScreen.storyboard;
			sourceTree = "<group>";
		};
/* End PBXVariantGroup section */

/* Begin XCBuildConfiguration section */
		8386D6BB1D5610ED00C7B98F /* Debug */ = {
			isa = XCBuildConfiguration;
			buildSettings = {
				ALWAYS_SEARCH_USER_PATHS = NO;
				CLANG_ANALYZER_NONNULL = YES;
				CLANG_CXX_LANGUAGE_STANDARD = "gnu++0x";
				CLANG_CXX_LIBRARY = "libc++";
				CLANG_ENABLE_MODULES = YES;
				CLANG_ENABLE_OBJC_ARC = YES;
				CLANG_WARN_BOOL_CONVERSION = YES;
				CLANG_WARN_CONSTANT_CONVERSION = YES;
				CLANG_WARN_DIRECT_OBJC_ISA_USAGE = YES_ERROR;
				CLANG_WARN_EMPTY_BODY = YES;
				CLANG_WARN_ENUM_CONVERSION = YES;
				CLANG_WARN_INT_CONVERSION = YES;
				CLANG_WARN_OBJC_ROOT_CLASS = YES_ERROR;
				CLANG_WARN_UNREACHABLE_CODE = YES;
				CLANG_WARN__DUPLICATE_METHOD_MATCH = YES;
				"CODE_SIGN_IDENTITY[sdk=iphoneos*]" = "iPhone Developer";
				COPY_PHASE_STRIP = NO;
				DEBUG_INFORMATION_FORMAT = dwarf;
				ENABLE_STRICT_OBJC_MSGSEND = YES;
				ENABLE_TESTABILITY = YES;
				GCC_C_LANGUAGE_STANDARD = gnu99;
				GCC_DYNAMIC_NO_PIC = NO;
				GCC_NO_COMMON_BLOCKS = YES;
				GCC_OPTIMIZATION_LEVEL = 0;
				GCC_PREPROCESSOR_DEFINITIONS = (
					"DEBUG=1",
					"$(inherited)",
				);
				GCC_WARN_64_TO_32_BIT_CONVERSION = YES;
				GCC_WARN_ABOUT_RETURN_TYPE = YES_ERROR;
				GCC_WARN_UNDECLARED_SELECTOR = YES;
				GCC_WARN_UNINITIALIZED_AUTOS = YES_AGGRESSIVE;
				GCC_WARN_UNUSED_FUNCTION = YES;
				GCC_WARN_UNUSED_VARIABLE = YES;
				IPHONEOS_DEPLOYMENT_TARGET = 9.3;
				MTL_ENABLE_DEBUG_INFO = YES;
				ONLY_ACTIVE_ARCH = YES;
				SDKROOT = iphoneos;
				SWIFT_OPTIMIZATION_LEVEL = "-Onone";
				TARGETED_DEVICE_FAMILY = "1,2";
			};
			name = Debug;
		};
		8386D6BC1D5610ED00C7B98F /* Release */ = {
			isa = XCBuildConfiguration;
			buildSettings = {
				ALWAYS_SEARCH_USER_PATHS = NO;
				CLANG_ANALYZER_NONNULL = YES;
				CLANG_CXX_LANGUAGE_STANDARD = "gnu++0x";
				CLANG_CXX_LIBRARY = "libc++";
				CLANG_ENABLE_MODULES = YES;
				CLANG_ENABLE_OBJC_ARC = YES;
				CLANG_WARN_BOOL_CONVERSION = YES;
				CLANG_WARN_CONSTANT_CONVERSION = YES;
				CLANG_WARN_DIRECT_OBJC_ISA_USAGE = YES_ERROR;
				CLANG_WARN_EMPTY_BODY = YES;
				CLANG_WARN_ENUM_CONVERSION = YES;
				CLANG_WARN_INT_CONVERSION = YES;
				CLANG_WARN_OBJC_ROOT_CLASS = YES_ERROR;
				CLANG_WARN_UNREACHABLE_CODE = YES;
				CLANG_WARN__DUPLICATE_METHOD_MATCH = YES;
				"CODE_SIGN_IDENTITY[sdk=iphoneos*]" = "iPhone Developer";
				COPY_PHASE_STRIP = NO;
				DEBUG_INFORMATION_FORMAT = "dwarf-with-dsym";
				ENABLE_NS_ASSERTIONS = NO;
				ENABLE_STRICT_OBJC_MSGSEND = YES;
				GCC_C_LANGUAGE_STANDARD = gnu99;
				GCC_NO_COMMON_BLOCKS = YES;
				GCC_WARN_64_TO_32_BIT_CONVERSION = YES;
				GCC_WARN_ABOUT_RETURN_TYPE = YES_ERROR;
				GCC_WARN_UNDECLARED_SELECTOR = YES;
				GCC_WARN_UNINITIALIZED_AUTOS = YES_AGGRESSIVE;
				GCC_WARN_UNUSED_FUNCTION = YES;
				GCC_WARN_UNUSED_VARIABLE = YES;
				IPHONEOS_DEPLOYMENT_TARGET = 9.3;
				MTL_ENABLE_DEBUG_INFO = NO;
				SDKROOT = iphoneos;
				TARGETED_DEVICE_FAMILY = "1,2";
				VALIDATE_PRODUCT = YES;
			};
			name = Release;
		};
		8386D6BE1D5610ED00C7B98F /* Debug */ = {
			isa = XCBuildConfiguration;
			buildSettings = {
				ASSETCATALOG_COMPILER_APPICON_NAME = AppIcon;
				INFOPLIST_FILE = SQLite/Info.plist;
				LD_RUNPATH_SEARCH_PATHS = "$(inherited) @executable_path/Frameworks";
				PRODUCT_BUNDLE_IDENTIFIER = com.chendehao.SQLite;
				PRODUCT_NAME = "$(TARGET_NAME)";
			};
			name = Debug;
		};
		8386D6BF1D5610ED00C7B98F /* Release */ = {
			isa = XCBuildConfiguration;
			buildSettings = {
				ASSETCATALOG_COMPILER_APPICON_NAME = AppIcon;
				INFOPLIST_FILE = SQLite/Info.plist;
				LD_RUNPATH_SEARCH_PATHS = "$(inherited) @executable_path/Frameworks";
				PRODUCT_BUNDLE_IDENTIFIER = com.chendehao.SQLite;
				PRODUCT_NAME = "$(TARGET_NAME)";
			};
			name = Release;
		};
/* End XCBuildConfiguration section */

/* Begin XCConfigurationList section */
		8386D6A61D5610EC00C7B98F /* Build configuration list for PBXProject "SQLite" */ = {
			isa = XCConfigurationList;
			buildConfigurations = (
				8386D6BB1D5610ED00C7B98F /* Debug */,
				8386D6BC1D5610ED00C7B98F /* Release */,
			);
			defaultConfigurationIsVisible = 0;
			defaultConfigurationName = Release;
		};
		8386D6BD1D5610ED00C7B98F /* Build configuration list for PBXNativeTarget "SQLite" */ = {
			isa = XCConfigurationList;
			buildConfigurations = (
				8386D6BE1D5610ED00C7B98F /* Debug */,
				8386D6BF1D5610ED00C7B98F /* Release */,
			);
			defaultConfigurationIsVisible = 0;
		};
/* End XCConfigurationList section */
	};
	rootObject = 8386D6A31D5610EC00C7B98F /* Project object */;
}
